
Microsoft Visual Studio Solution File, Format Version 12.00
# Visual Studio Version 17
VisualStudioVersion = 17.13.35913.81 d17.13
MinimumVisualStudioVersion = 10.0.40219.1
Project("{8BC9CEB8-8B4A-11D0-8D11-00A0C91BC942}") = "RhythmHeaven", "RhythmHeaven\RhythmHeaven.vcxproj", "{15C8B6D1-8536-4473-BB21-4A902EDE1504}"
EndProject
Global
	GlobalSection(SolutionConfigurationPlatforms) = preSolution
		Debug|x64 = Debug|x64
		Debug|x86 = Debug|x86
		Release|x64 = Release|x64
		Release|x86 = Release|x86
	EndGlobalSection
	GlobalSection(ProjectConfigurationPlatforms) = postSolution
		{15C8B6D1-8536-4473-BB21-4A902EDE1504}.Debug|x64.ActiveCfg = Debug|x64
		{15C8B6D1-8536-4473-BB21-4A902EDE1504}.Debug|x64.Build.0 = Debug|x64
		{15C8B6D1-8536-4473-BB21-4A902EDE1504}.Debug|x86.ActiveCfg = Debug|Win32
		{15C8B6D1-8536-4473-BB21-4A902EDE1504}.Debug|x86.Build.0 = Debug|Win32
		{15C8B6D1-8536-4473-BB21-4A902EDE1504}.Release|x64.ActiveCfg = Release|x64
		{15C8B6D1-8536-4473-BB21-4A902EDE1504}.Release|x64.Build.0 = Release|x64
		{15C8B6D1-8536-4473-BB21-4A902EDE1504}.Release|x86.ActiveCfg = Release|Win32
		{15C8B6D1-8536-4473-BB21-4A902EDE1504}.Release|x86.Build.0 = Release|Win32
	EndGlobalSection
	GlobalSection(SolutionProperties) = preSolution
		HideSolutionNode = FALSE
	EndGlobalSection
	GlobalSection(ExtensibilityGlobals) = postSolution
		SolutionGuid = {529F6153-0E66-4D9F-AD3D-9D45288B0AB8}
	EndGlobalSection
EndGlobal
